
Microsoft Visual Studio Solution File, Format Version 12.00
# Visual Studio Version 16
VisualStudioVersion = 16.0.29424.173
MinimumVisualStudioVersion = 10.0.40219.1
Project("{FAE04EC0-301F-11D3-BF4B-00C04F79EFBC}") = "OutForm", "OutForm\OutForm.csproj", "{BD7EB38F-6353-4FC5-BA01-215CE5AC962C}"
EndProject
Global
	GlobalSection(SolutionConfigurationPlatforms) = preSolution
		Debug|Any CPU = Debug|Any CPU
		Debug|x64 = Debug|x64
		Debug|x86 = Debug|x86
		Release|Any CPU = Release|Any CPU
		Release|x64 = Release|x64
		Release|x86 = Release|x86
	EndGlobalSection
	GlobalSection(ProjectConfigurationPlatforms) = postSolution
		{BD7EB38F-6353-4FC5-BA01-215CE5AC962C}.Debug|Any CPU.ActiveCfg = Debug|Any CPU
		{BD7EB38F-6353-4FC5-BA01-215CE5AC962C}.Debug|Any CPU.Build.0 = Debug|Any CPU
		{BD7EB38F-6353-4FC5-BA01-215CE5AC962C}.Debug|x64.ActiveCfg = Debug|Any CPU
		{BD7EB38F-6353-4FC5-BA01-215CE5AC962C}.Debug|x64.Build.0 = Debug|Any CPU
		{BD7EB38F-6353-4FC5-BA01-215CE5AC962C}.Debug|x86.ActiveCfg = Debug|Any CPU
		{BD7EB38F-6353-4FC5-BA01-215CE5AC962C}.Debug|x86.Build.0 = Debug|Any CPU
		{BD7EB38F-6353-4FC5-BA01-215CE5AC962C}.Release|Any CPU.ActiveCfg = Debug|Any CPU
		{BD7EB38F-6353-4FC5-BA01-215CE5AC962C}.Release|Any CPU.Build.0 = Debug|Any CPU
		{BD7EB38F-6353-4FC5-BA01-215CE5AC962C}.Release|x64.ActiveCfg = Debug|Any CPU
		{BD7EB38F-6353-4FC5-BA01-215CE5AC962C}.Release|x64.Build.0 = Debug|Any CPU
		{BD7EB38F-6353-4FC5-BA01-215CE5AC962C}.Release|x86.ActiveCfg = Debug|Any CPU
		{BD7EB38F-6353-4FC5-BA01-215CE5AC962C}.Release|x86.Build.0 = Debug|Any CPU
	EndGlobalSection
	GlobalSection(SolutionProperties) = preSolution
		HideSolutionNode = FALSE
	EndGlobalSection
	GlobalSection(ExtensibilityGlobals) = postSolution
		SolutionGuid = {1781FE0C-75C7-46D4-B898-C64D4FD4FD81}
	EndGlobalSection
EndGlobal
